Microsoft Visual Studio Solution File, Format Version 12.00
# Visual Studio Version 17
VisualStudioVersion = 17.0.31903.59
MinimumVisualStudioVersion = 10.0.40219.1
Project("{FAE04EC0-301F-11D3-BF4B-00C04F79EFBC}") = "StoreGrpcBackend", "src\StoreGrpcBackend\StoreGrpcBackend.csproj", "{2FB87091-1112-4CF6-A19A-3B9E13F91211}"
EndProject
Project("{FAE04EC0-301F-11D3-BF4B-00C04F79EFBC}") = "StoreGrpcBackend.ContractTests", "tests\StoreGrpcBackend.ContractTests\StoreGrpcBackend.ContractTests.csproj", "{6CA93D99-81A7-4012-B46A-C8B1E166AE76}"
EndProject
Global
	GlobalSection(SolutionConfigurationPlatforms) = preSolution
		Debug|Any CPU = Debug|Any CPU
		Release|Any CPU = Release|Any CPU
	EndGlobalSection
	GlobalSection(ProjectConfigurationPlatforms) = postSolution
		{2FB87091-1112-4CF6-A19A-3B9E13F91211}.Debug|Any CPU.ActiveCfg = Debug|Any CPU
		{2FB87091-1112-4CF6-A19A-3B9E13F91211}.Debug|Any CPU.Build.0 = Debug|Any CPU
		{2FB87091-1112-4CF6-A19A-3B9E13F91211}.Release|Any CPU.ActiveCfg = Release|Any CPU
		{2FB87091-1112-4CF6-A19A-3B9E13F91211}.Release|Any CPU.Build.0 = Release|Any CPU
		{6CA93D99-81A7-4012-B46A-C8B1E166AE76}.Debug|Any CPU.ActiveCfg = Debug|Any CPU
		{6CA93D99-81A7-4012-B46A-C8B1E166AE76}.Debug|Any CPU.Build.0 = Debug|Any CPU
		{6CA93D99-81A7-4012-B46A-C8B1E166AE76}.Release|Any CPU.ActiveCfg = Release|Any CPU
		{6CA93D99-81A7-4012-B46A-C8B1E166AE76}.Release|Any CPU.Build.0 = Release|Any CPU
	EndGlobalSection
EndGlobal
